
Microsoft Visual Studio Solution File, Format Version 12.00
# Visual Studio Version 17
VisualStudioVersion = 17.10.34916.146
MinimumVisualStudioVersion = 10.0.40219.1
Project("{9A19103F-16F7-4668-BE54-9A1E7A4F7556}") = "HttpServer", "..\HttpServer\HttpServer.csproj", "{58001C2A-1E86-4F9E-B2A4-5BE753758F49}"
EndProject
Project("{9A19103F-16F7-4668-BE54-9A1E7A4F7556}") = "HttpClientConsole", "..\HttpClient\HttpClientConsole.csproj", "{BD212316-BE7A-47AF-B884-1175C736F136}"
EndProject
Project("{FAE04EC0-301F-11D3-BF4B-00C04F79EFBC}") = "Core", "Core\Core.csproj", "{17583D0B-7646-4F7B-88BA-4BE7A6DAC009}"
EndProject
Global
	GlobalSection(SolutionConfigurationPlatforms) = preSolution
		Debug|Any CPU = Debug|Any CPU
		Release|Any CPU = Release|Any CPU
	EndGlobalSection
	GlobalSection(ProjectConfigurationPlatforms) = postSolution
		{58001C2A-1E86-4F9E-B2A4-5BE753758F49}.Debug|Any CPU.ActiveCfg = Debug|Any CPU
		{58001C2A-1E86-4F9E-B2A4-5BE753758F49}.Debug|Any CPU.Build.0 = Debug|Any CPU
		{58001C2A-1E86-4F9E-B2A4-5BE753758F49}.Release|Any CPU.ActiveCfg = Release|Any CPU
		{58001C2A-1E86-4F9E-B2A4-5BE753758F49}.Release|Any CPU.Build.0 = Release|Any CPU
		{BD212316-BE7A-47AF-B884-1175C736F136}.Debug|Any CPU.ActiveCfg = Debug|Any CPU
		{BD212316-BE7A-47AF-B884-1175C736F136}.Debug|Any CPU.Build.0 = Debug|Any CPU
		{BD212316-BE7A-47AF-B884-1175C736F136}.Release|Any CPU.ActiveCfg = Release|Any CPU
		{BD212316-BE7A-47AF-B884-1175C736F136}.Release|Any CPU.Build.0 = Release|Any CPU
		{17583D0B-7646-4F7B-88BA-4BE7A6DAC009}.Debug|Any CPU.ActiveCfg = Debug|Any CPU
		{17583D0B-7646-4F7B-88BA-4BE7A6DAC009}.Debug|Any CPU.Build.0 = Debug|Any CPU
		{17583D0B-7646-4F7B-88BA-4BE7A6DAC009}.Release|Any CPU.ActiveCfg = Release|Any CPU
		{17583D0B-7646-4F7B-88BA-4BE7A6DAC009}.Release|Any CPU.Build.0 = Release|Any CPU
	EndGlobalSection
	GlobalSection(SolutionProperties) = preSolution
		HideSolutionNode = FALSE
	EndGlobalSection
	GlobalSection(ExtensibilityGlobals) = postSolution
		SolutionGuid = {98A86079-76D2-48BD-A367-5F99302A2FBD}
	EndGlobalSection
EndGlobal
